
Microsoft Visual Studio Solution File, Format Version 12.00
# Visual Studio Version 17
VisualStudioVersion = 17.0.31903.59
MinimumVisualStudioVersion = 10.0.40219.1
Project("{9A19103F-16F7-4668-BE54-9A1E7A4F7556}") = "Packages", "Packages\Packages.csproj", "{749F150A-2E94-4642-B0D2-FAD378151DB4}"
EndProject
Project("{9A19103F-16F7-4668-BE54-9A1E7A4F7556}") = "Sudoku", "Sudoku\Sudoku.csproj", "{11ABE564-6110-42FA-8569-0AC51C7F03E0}"
EndProject
Project("{FAE04EC0-301F-11D3-BF4B-00C04F79EFBC}") = "Sandbox", "Sandbox\Sandbox.csproj", "{F980FEB8-4324-41E1-B532-28C0E37D87D8}"
EndProject
Global
	GlobalSection(SolutionConfigurationPlatforms) = preSolution
		Debug|Any CPU = Debug|Any CPU
		Release|Any CPU = Release|Any CPU
	EndGlobalSection
	GlobalSection(ProjectConfigurationPlatforms) = postSolution
		{749F150A-2E94-4642-B0D2-FAD378151DB4}.Debug|Any CPU.ActiveCfg = Debug|Any CPU
		{749F150A-2E94-4642-B0D2-FAD378151DB4}.Debug|Any CPU.Build.0 = Debug|Any CPU
		{749F150A-2E94-4642-B0D2-FAD378151DB4}.Release|Any CPU.ActiveCfg = Release|Any CPU
		{749F150A-2E94-4642-B0D2-FAD378151DB4}.Release|Any CPU.Build.0 = Release|Any CPU
		{11ABE564-6110-42FA-8569-0AC51C7F03E0}.Debug|Any CPU.ActiveCfg = Debug|Any CPU
		{11ABE564-6110-42FA-8569-0AC51C7F03E0}.Debug|Any CPU.Build.0 = Debug|Any CPU
		{11ABE564-6110-42FA-8569-0AC51C7F03E0}.Release|Any CPU.ActiveCfg = Release|Any CPU
		{11ABE564-6110-42FA-8569-0AC51C7F03E0}.Release|Any CPU.Build.0 = Release|Any CPU
		{F980FEB8-4324-41E1-B532-28C0E37D87D8}.Debug|Any CPU.ActiveCfg = Debug|Any CPU
		{F980FEB8-4324-41E1-B532-28C0E37D87D8}.Debug|Any CPU.Build.0 = Debug|Any CPU
		{F980FEB8-4324-41E1-B532-28C0E37D87D8}.Release|Any CPU.ActiveCfg = Release|Any CPU
		{F980FEB8-4324-41E1-B532-28C0E37D87D8}.Release|Any CPU.Build.0 = Release|Any CPU
	EndGlobalSection
	GlobalSection(SolutionProperties) = preSolution
		HideSolutionNode = FALSE
	EndGlobalSection
EndGlobal
